// !$*UTF8*$!
{
	archiveVersion = 1;
	classes = {
	};
	objectVersion = 50;
	objects = {

/* Begin PBXBuildFile section */
		FA27DFB92270F6C400B01F78 /* AppDelegate.swift in Sources */ = {isa = PBXBuildFile; fileRef = FA27DFB82270F6C400B01F78 /* AppDelegate.swift */; };
		FA27DFBB2270F6C400B01F78 /* ViewController.swift in Sources */ = {isa = PBXBuildFile; fileRef = FA27DFBA2270F6C400B01F78 /* ViewController.swift */; };
		FA27DFBE2270F6C400B01F78 /* Main.storyboard in Resources */ = {isa = PBXBuildFile; fileRef = FA27DFBC2270F6C400B01F78 /* Main.storyboard */; };
		FA27DFC12270F6C400B01F78 /* ib2d2.xcdatamodeld in Sources */ = {isa = PBXBuildFile; fileRef = FA27DFBF2270F6C400B01F78 /* ib2d2.xcdatamodeld */; };
		FA27DFC32270F6C700B01F78 /* Assets.xcassets in Resources */ = {isa = PBXBuildFile; fileRef = FA27DFC22270F6C700B01F78 /* Assets.xcassets */; };
		FA27DFC62270F6C700B01F78 /* LaunchScreen.storyboard in Resources */ = {isa = PBXBuildFile; fileRef = FA27DFC42270F6C700B01F78 /* LaunchScreen.storyboard */; };
		FA27DFD22273958200B01F78 /* addVC.swift in Sources */ = {isa = PBXBuildFile; fileRef = FA27DFD12273958200B01F78 /* addVC.swift */; };
		FA27DFD4227395A200B01F78 /* settingsVC.swift in Sources */ = {isa = PBXBuildFile; fileRef = FA27DFD3227395A200B01F78 /* settingsVC.swift */; };
		FA27DFD6227395B700B01F78 /* aboutVC.swift in Sources */ = {isa = PBXBuildFile; fileRef = FA27DFD5227395B700B01F78 /* aboutVC.swift */; };
		FA27DFDA2273960C00B01F78 /* backupsVC.swift in Sources */ = {isa = PBXBuildFile; fileRef = FA27DFD92273960C00B01F78 /* backupsVC.swift */; };
		FAB2CBDC227EE8F8002AE880 /* createVC.swift in Sources */ = {isa = PBXBuildFile; fileRef = FAB2CBDB227EE8F8002AE880 /* createVC.swift */; };
		FAB2CBDE228151D4002AE880 /* Reachability.swift in Sources */ = {isa = PBXBuildFile; fileRef = FAB2CBDD228151D4002AE880 /* Reachability.swift */; };
		FAB2CBE022815586002AE880 /* BackBlaze.swift in Sources */ = {isa = PBXBuildFile; fileRef = FAB2CBDF22815586002AE880 /* BackBlaze.swift */; };
		FAB2CBE5228392D1002AE880 /* BackupTableCellTableViewCell.swift in Sources */ = {isa = PBXBuildFile; fileRef = FAB2CBE4228392D1002AE880 /* BackupTableCellTableViewCell.swift */; };
		FAB2CBE72283C22A002AE880 /* displayVC.swift in Sources */ = {isa = PBXBuildFile; fileRef = FAB2CBE62283C22A002AE880 /* displayVC.swift */; };
		FAB2CBED22842761002AE880 /* webHandlerVC.swift in Sources */ = {isa = PBXBuildFile; fileRef = FAB2CBEC22842761002AE880 /* webHandlerVC.swift */; };
		FAD28F552273F3A80061BFCE /* Social.framework in Frameworks */ = {isa = PBXBuildFile; fileRef = FAD28F542273F3A80061BFCE /* Social.framework */; settings = {ATTRIBUTES = (Required, ); }; };
		FADB75FC22766B7700776AB5 /* listVC.swift in Sources */ = {isa = PBXBuildFile; fileRef = FADB75FB22766B7700776AB5 /* listVC.swift */; };
		FAFE82722273A05900834029 /* tabsVC.swift in Sources */ = {isa = PBXBuildFile; fileRef = FAFE82712273A05900834029 /* tabsVC.swift */; };
/* End PBXBuildFile section */

/* Begin PBXFileReference section */
		FA27DFB52270F6C400B01F78 /* ib2d2.app */ = {isa = PBXFileReference; explicitFileType = wrapper.application; includeInIndex = 0; path = ib2d2.app; sourceTree = BUILT_PRODUCTS_DIR; };
		FA27DFB82270F6C400B01F78 /* AppDelegate.swift */ = {isa = PBXFileReference; lastKnownFileType = sourcecode.swift; path = AppDelegate.swift; sourceTree = "<group>"; };
		FA27DFBA2270F6C400B01F78 /* ViewController.swift */ = {isa = PBXFileReference; lastKnownFileType = sourcecode.swift; path = ViewController.swift; sourceTree = "<group>"; };
		FA27DFBD2270F6C400B01F78 /* Base */ = {isa = PBXFileReference; lastKnownFileType = file.storyboard; name = Base; path = Base.lproj/Main.storyboard; sourceTree = "<group>"; };
		FA27DFC02270F6C400B01F78 /* ib2d2.xcdatamodel */ = {isa = PBXFileReference; lastKnownFileType = wrapper.xcdatamodel; path = ib2d2.xcdatamodel; sourceTree = "<group>"; };
		FA27DFC22270F6C700B01F78 /* Assets.xcassets */ = {isa = PBXFileReference; lastKnownFileType = folder.assetcatalog; path = Assets.xcassets; sourceTree = "<group>"; };
		FA27DFC52270F6C700B01F78 /* Base */ = {isa = PBXFileReference; lastKnownFileType = file.storyboard; name = Base; path = Base.lproj/LaunchScreen.storyboard; sourceTree = "<group>"; };
		FA27DFC72270F6C700B01F78 /* Info.plist */ = {isa = PBXFileReference; lastKnownFileType = text.plist.xml; path = Info.plist; sourceTree = "<group>"; };
		FA27DFD12273958200B01F78 /* addVC.swift */ = {isa = PBXFileReference; lastKnownFileType = sourcecode.swift; path = addVC.swift; sourceTree = "<group>"; };
		FA27DFD3227395A200B01F78 /* settingsVC.swift */ = {isa = PBXFileReference; lastKnownFileType = sourcecode.swift; path = settingsVC.swift; sourceTree = "<group>"; };
		FA27DFD5227395B700B01F78 /* aboutVC.swift */ = {isa = PBXFileReference; lastKnownFileType = sourcecode.swift; path = aboutVC.swift; sourceTree = "<group>"; };
		FA27DFD92273960C00B01F78 /* backupsVC.swift */ = {isa = PBXFileReference; lastKnownFileType = sourcecode.swift; path = backupsVC.swift; sourceTree = "<group>"; };
		FAB2CBDB227EE8F8002AE880 /* createVC.swift */ = {isa = PBXFileReference; lastKnownFileType = sourcecode.swift; path = createVC.swift; sourceTree = "<group>"; };
		FAB2CBDD228151D4002AE880 /* Reachability.swift */ = {isa = PBXFileReference; lastKnownFileType = sourcecode.swift; path = Reachability.swift; sourceTree = "<group>"; };
		FAB2CBDF22815586002AE880 /* BackBlaze.swift */ = {isa = PBXFileReference; lastKnownFileType = sourcecode.swift; path = BackBlaze.swift; sourceTree = "<group>"; };
		FAB2CBE322827C9B002AE880 /* ib2d2-Bridging-Header.h */ = {isa = PBXFileReference; lastKnownFileType = sourcecode.c.h; path = "ib2d2-Bridging-Header.h"; sourceTree = "<group>"; };
		FAB2CBE4228392D1002AE880 /* BackupTableCellTableViewCell.swift */ = {isa = PBXFileReference; lastKnownFileType = sourcecode.swift; path = BackupTableCellTableViewCell.swift; sourceTree = "<group>"; };
		FAB2CBE62283C22A002AE880 /* displayVC.swift */ = {isa = PBXFileReference; lastKnownFileType = sourcecode.swift; path = displayVC.swift; sourceTree = "<group>"; };
		FAB2CBEC22842761002AE880 /* webHandlerVC.swift */ = {isa = PBXFileReference; lastKnownFileType = sourcecode.swift; path = webHandlerVC.swift; sourceTree = "<group>"; };
		FAD28F542273F3A80061BFCE /* Social.framework */ = {isa = PBXFileReference; lastKnownFileType = wrapper.framework; name = Social.framework; path = System/Library/Frameworks/Social.framework; sourceTree = SDKROOT; };
		FADB75FB22766B7700776AB5 /* listVC.swift */ = {isa = PBXFileReference; lastKnownFileType = sourcecode.swift; path = listVC.swift; sourceTree = "<group>"; };
		FAFE82712273A05900834029 /* tabsVC.swift */ = {isa = PBXFileReference; lastKnownFileType = sourcecode.swift; path = tabsVC.swift; sourceTree = "<group>"; };
/* End PBXFileReference section */

/* Begin PBXFrameworksBuildPhase section */
		FA27DFB22270F6C400B01F78 /* Frameworks */ = {
			isa = PBXFrameworksBuildPhase;
			buildActionMask = 2147483647;
			files = (
				FAD28F552273F3A80061BFCE /* Social.framework in Frameworks */,
			);
			runOnlyForDeploymentPostprocessing = 0;
		};
/* End PBXFrameworksBuildPhase section */

/* Begin PBXGroup section */
		FA27DFAC2270F6C400B01F78 = {
			isa = PBXGroup;
			children = (
				FA27DFB72270F6C400B01F78 /* ib2d2 */,
				FA27DFB62270F6C400B01F78 /* Products */,
				FAD28F532273F3A70061BFCE /* Frameworks */,
			);
			sourceTree = "<group>";
		};
		FA27DFB62270F6C400B01F78 /* Products */ = {
			isa = PBXGroup;
			children = (
				FA27DFB52270F6C400B01F78 /* ib2d2.app */,
			);
			name = Products;
			sourceTree = "<group>";
		};
		FA27DFB72270F6C400B01F78 /* ib2d2 */ = {
			isa = PBXGroup;
			children = (
				FA27DFB82270F6C400B01F78 /* AppDelegate.swift */,
				FA27DFBA2270F6C400B01F78 /* ViewController.swift */,
				FA27DFBC2270F6C400B01F78 /* Main.storyboard */,
				FAB2CBE4228392D1002AE880 /* BackupTableCellTableViewCell.swift */,
				FAB2CBDB227EE8F8002AE880 /* createVC.swift */,
				FAB2CBE322827C9B002AE880 /* ib2d2-Bridging-Header.h */,
				FA27DFD12273958200B01F78 /* addVC.swift */,
				FA27DFD3227395A200B01F78 /* settingsVC.swift */,
				FA27DFD5227395B700B01F78 /* aboutVC.swift */,
				FA27DFC22270F6C700B01F78 /* Assets.xcassets */,
				FA27DFC42270F6C700B01F78 /* LaunchScreen.storyboard */,
				FA27DFC72270F6C700B01F78 /* Info.plist */,
				FA27DFBF2270F6C400B01F78 /* ib2d2.xcdatamodeld */,
				FA27DFD92273960C00B01F78 /* backupsVC.swift */,
				FAFE82712273A05900834029 /* tabsVC.swift */,
				FADB75FB22766B7700776AB5 /* listVC.swift */,
				FAB2CBDD228151D4002AE880 /* Reachability.swift */,
				FAB2CBDF22815586002AE880 /* BackBlaze.swift */,
				FAB2CBE62283C22A002AE880 /* displayVC.swift */,
				FAB2CBEC22842761002AE880 /* webHandlerVC.swift */,
			);
			path = ib2d2;
			sourceTree = "<group>";
		};
		FAD28F532273F3A70061BFCE /* Frameworks */ = {
			isa = PBXGroup;
			children = (
				FAD28F542273F3A80061BFCE /* Social.framework */,
			);
			name = Frameworks;
			sourceTree = "<group>";
		};
/* End PBXGroup section */

/* Begin PBXNativeTarget section */
		FA27DFB42270F6C400B01F78 /* ib2d2 */ = {
			isa = PBXNativeTarget;
			buildConfigurationList = FA27DFCA2270F6C700B01F78 /* Build configuration list for PBXNativeTarget "ib2d2" */;
			buildPhases = (
				FA27DFB12270F6C400B01F78 /* Sources */,
				FA27DFB22270F6C400B01F78 /* Frameworks */,
				FA27DFB32270F6C400B01F78 /* Resources */,
			);
			buildRules = (
			);
			dependencies = (
			);
			name = ib2d2;
			productName = ib2d2;
			productReference = FA27DFB52270F6C400B01F78 /* ib2d2.app */;
			productType = "com.apple.product-type.application";
		};
/* End PBXNativeTarget section */

/* Begin PBXProject section */
		FA27DFAD2270F6C400B01F78 /* Project object */ = {
			isa = PBXProject;
			attributes = {
				LastSwiftUpdateCheck = 1010;
				LastUpgradeCheck = 1010;
				ORGANIZATIONNAME = "TJ balon";
				TargetAttributes = {
					FA27DFB42270F6C400B01F78 = {
						CreatedOnToolsVersion = 10.1;
					};
				};
			};
			buildConfigurationList = FA27DFB02270F6C400B01F78 /* Build configuration list for PBXProject "ib2d2" */;
			compatibilityVersion = "Xcode 9.3";
			developmentRegion = en;
			hasScannedForEncodings = 0;
			knownRegions = (
				en,
				Base,
			);
			mainGroup = FA27DFAC2270F6C400B01F78;
			productRefGroup = FA27DFB62270F6C400B01F78 /* Products */;
			projectDirPath = "";
			projectRoot = "";
			targets = (
				FA27DFB42270F6C400B01F78 /* ib2d2 */,
			);
		};
/* End PBXProject section */

/* Begin PBXResourcesBuildPhase section */
		FA27DFB32270F6C400B01F78 /* Resources */ = {
			isa = PBXResourcesBuildPhase;
			buildActionMask = 2147483647;
			files = (
				FA27DFC62270F6C700B01F78 /* LaunchScreen.storyboard in Resources */,
				FA27DFC32270F6C700B01F78 /* Assets.xcassets in Resources */,
				FA27DFBE2270F6C400B01F78 /* Main.storyboard in Resources */,
			);
			runOnlyForDeploymentPostprocessing = 0;
		};
/* End PBXResourcesBuildPhase section */

/* Begin PBXSourcesBuildPhase section */
		FA27DFB12270F6C400B01F78 /* Sources */ = {
			isa = PBXSourcesBuildPhase;
			buildActionMask = 2147483647;
			files = (
				FAB2CBED22842761002AE880 /* webHandlerVC.swift in Sources */,
				FADB75FC22766B7700776AB5 /* listVC.swift in Sources */,
				FA27DFD22273958200B01F78 /* addVC.swift in Sources */,
				FAB2CBE5228392D1002AE880 /* BackupTableCellTableViewCell.swift in Sources */,
				FA27DFBB2270F6C400B01F78 /* ViewController.swift in Sources */,
				FA27DFD4227395A200B01F78 /* settingsVC.swift in Sources */,
				FA27DFDA2273960C00B01F78 /* backupsVC.swift in Sources */,
				FAB2CBE022815586002AE880 /* BackBlaze.swift in Sources */,
				FA27DFD6227395B700B01F78 /* aboutVC.swift in Sources */,
				FAB2CBDC227EE8F8002AE880 /* createVC.swift in Sources */,
				FAB2CBE72283C22A002AE880 /* displayVC.swift in Sources */,
				FA27DFB92270F6C400B01F78 /* AppDelegate.swift in Sources */,
				FA27DFC12270F6C400B01F78 /* ib2d2.xcdatamodeld in Sources */,
				FAFE82722273A05900834029 /* tabsVC.swift in Sources */,
				FAB2CBDE228151D4002AE880 /* Reachability.swift in Sources */,
			);
			runOnlyForDeploymentPostprocessing = 0;
		};
/* End PBXSourcesBuildPhase section */

/* Begin PBXVariantGroup section */
		FA27DFBC2270F6C400B01F78 /* Main.storyboard */ = {
			isa = PBXVariantGroup;
			children = (
				FA27DFBD2270F6C400B01F78 /* Base */,
			);
			name = Main.storyboard;
			sourceTree = "<group>";
		};
		FA27DFC42270F6C700B01F78 /* LaunchScreen.storyboard */ = {
			isa = PBXVariantGroup;
			children = (
				FA27DFC52270F6C700B01F78 /* Base */,
			);
			name = LaunchScreen.storyboard;
			sourceTree = "<group>";
		};
/* End PBXVariantGroup section */

/* Begin XCBuildConfiguration section */
		FA27DFC82270F6C700B01F78 /* Debug */ = {
			isa = XCBuildConfiguration;
			buildSettings = {
				ALWAYS_SEARCH_USER_PATHS = NO;
				CLANG_ANALYZER_NONNULL = YES;
				CLANG_ANALYZER_NUMBER_OBJECT_CONVERSION = YES_AGGRESSIVE;
				CLANG_CXX_LANGUAGE_STANDARD = "gnu++14";
				CLANG_CXX_LIBRARY = "libc++";
				CLANG_ENABLE_MODULES = YES;
				CLANG_ENABLE_OBJC_ARC = YES;
				CLANG_ENABLE_OBJC_WEAK = YES;
				CLANG_WARN_BLOCK_CAPTURE_AUTORELEASING = YES;
				CLANG_WARN_BOOL_CONVERSION = YES;
				CLANG_WARN_COMMA = YES;
				CLANG_WARN_CONSTANT_CONVERSION = YES;
				CLANG_WARN_DEPRECATED_OBJC_IMPLEMENTATIONS = YES;
				CLANG_WARN_DIRECT_OBJC_ISA_USAGE = YES_ERROR;
				CLANG_WARN_DOCUMENTATION_COMMENTS = YES;
				CLANG_WARN_EMPTY_BODY = YES;
				CLANG_WARN_ENUM_CONVERSION = YES;
				CLANG_WARN_INFINITE_RECURSION = YES;
				CLANG_WARN_INT_CONVERSION = YES;
				CLANG_WARN_NON_LITERAL_NULL_CONVERSION = YES;
				CLANG_WARN_OBJC_IMPLICIT_RETAIN_SELF = YES;
				CLANG_WARN_OBJC_LITERAL_CONVERSION = YES;
				CLANG_WARN_OBJC_ROOT_CLASS = YES_ERROR;
				CLANG_WARN_RANGE_LOOP_ANALYSIS = YES;
				CLANG_WARN_STRICT_PROTOTYPES = YES;
				CLANG_WARN_SUSPICIOUS_MOVE = YES;
				CLANG_WARN_UNGUARDED_AVAILABILITY = YES_AGGRESSIVE;
				CLANG_WARN_UNREACHABLE_CODE = YES;
				CLANG_WARN__DUPLICATE_METHOD_MATCH = YES;
				CODE_SIGN_IDENTITY = "iPhone Developer";
				COPY_PHASE_STRIP = NO;
				DEBUG_INFORMATION_FORMAT = dwarf;
				ENABLE_STRICT_OBJC_MSGSEND = YES;
				ENABLE_TESTABILITY = YES;
				GCC_C_LANGUAGE_STANDARD = gnu11;
				GCC_DYNAMIC_NO_PIC = NO;
				GCC_NO_COMMON_BLOCKS = YES;
				GCC_OPTIMIZATION_LEVEL = 0;
				GCC_PREPROCESSOR_DEFINITIONS = (
					"DEBUG=1",
					"$(inherited)",
				);
				GCC_WARN_64_TO_32_BIT_CONVERSION = YES;
				GCC_WARN_ABOUT_RETURN_TYPE = YES_ERROR;
				GCC_WARN_UNDECLARED_SELECTOR = YES;
				GCC_WARN_UNINITIALIZED_AUTOS = YES_AGGRESSIVE;
				GCC_WARN_UNUSED_FUNCTION = YES;
				GCC_WARN_UNUSED_VARIABLE = YES;
				IPHONEOS_DEPLOYMENT_TARGET = 12.1;
				MTL_ENABLE_DEBUG_INFO = INCLUDE_SOURCE;
				MTL_FAST_MATH = YES;
				ONLY_ACTIVE_ARCH = YES;
				SDKROOT = iphoneos;
				SWIFT_ACTIVE_COMPILATION_CONDITIONS = DEBUG;
				SWIFT_OPTIMIZATION_LEVEL = "-Onone";
			};
			name = Debug;
		};
		FA27DFC92270F6C700B01F78 /* Release */ = {
			isa = XCBuildConfiguration;
			buildSettings = {
				ALWAYS_SEARCH_USER_PATHS = NO;
				CLANG_ANALYZER_NONNULL = YES;
				CLANG_ANALYZER_NUMBER_OBJECT_CONVERSION = YES_AGGRESSIVE;
				CLANG_CXX_LANGUAGE_STANDARD = "gnu++14";
				CLANG_CXX_LIBRARY = "libc++";
				CLANG_ENABLE_MODULES = YES;
				CLANG_ENABLE_OBJC_ARC = YES;
				CLANG_ENABLE_OBJC_WEAK = YES;
				CLANG_WARN_BLOCK_CAPTURE_AUTORELEASING = YES;
				CLANG_WARN_BOOL_CONVERSION = YES;
				CLANG_WARN_COMMA = YES;
				CLANG_WARN_CONSTANT_CONVERSION = YES;
				CLANG_WARN_DEPRECATED_OBJC_IMPLEMENTATIONS = YES;
				CLANG_WARN_DIRECT_OBJC_ISA_USAGE = YES_ERROR;
				CLANG_WARN_DOCUMENTATION_COMMENTS = YES;
				CLANG_WARN_EMPTY_BODY = YES;
				CLANG_WARN_ENUM_CONVERSION = YES;
				CLANG_WARN_INFINITE_RECURSION = YES;
				CLANG_WARN_INT_CONVERSION = YES;
				CLANG_WARN_NON_LITERAL_NULL_CONVERSION = YES;
				CLANG_WARN_OBJC_IMPLICIT_RETAIN_SELF = YES;
				CLANG_WARN_OBJC_LITERAL_CONVERSION = YES;
				CLANG_WARN_OBJC_ROOT_CLASS = YES_ERROR;
				CLANG_WARN_RANGE_LOOP_ANALYSIS = YES;
				CLANG_WARN_STRICT_PROTOTYPES = YES;
				CLANG_WARN_SUSPICIOUS_MOVE = YES;
				CLANG_WARN_UNGUARDED_AVAILABILITY = YES_AGGRESSIVE;
				CLANG_WARN_UNREACHABLE_CODE = YES;
				CLANG_WARN__DUPLICATE_METHOD_MATCH = YES;
				CODE_SIGN_IDENTITY = "iPhone Developer";
				COPY_PHASE_STRIP = NO;
				DEBUG_INFORMATION_FORMAT = "dwarf-with-dsym";
				ENABLE_NS_ASSERTIONS = NO;
				ENABLE_STRICT_OBJC_MSGSEND = YES;
				GCC_C_LANGUAGE_STANDARD = gnu11;
				GCC_NO_COMMON_BLOCKS = YES;
				GCC_WARN_64_TO_32_BIT_CONVERSION = YES;
				GCC_WARN_ABOUT_RETURN_TYPE = YES_ERROR;
				GCC_WARN_UNDECLARED_SELECTOR = YES;
				GCC_WARN_UNINITIALIZED_AUTOS = YES_AGGRESSIVE;
				GCC_WARN_UNUSED_FUNCTION = YES;
				GCC_WARN_UNUSED_VARIABLE = YES;
				IPHONEOS_DEPLOYMENT_TARGET = 12.1;
				MTL_ENABLE_DEBUG_INFO = NO;
				MTL_FAST_MATH = YES;
				SDKROOT = iphoneos;
				SWIFT_COMPILATION_MODE = wholemodule;
				SWIFT_OPTIMIZATION_LEVEL = "-O";
				VALIDATE_PRODUCT = YES;
			};
			name = Release;
		};
		FA27DFCB2270F6C700B01F78 /* Debug */ = {
			isa = XCBuildConfiguration;
			buildSettings = {
				ASSETCATALOG_COMPILER_APPICON_NAME = AppIcon;
				CODE_SIGN_STYLE = Automatic;
				INFOPLIST_FILE = ib2d2/Info.plist;
				LD_RUNPATH_SEARCH_PATHS = (
					"$(inherited)",
					"@executable_path/Frameworks",
				);
				PRODUCT_BUNDLE_IDENTIFIER = tbalon.ib2d2;
				PRODUCT_NAME = "$(TARGET_NAME)";
				SWIFT_OBJC_BRIDGING_HEADER = "ib2d2/ib2d2-Bridging-Header.h";
				SWIFT_VERSION = 4.2;
				TARGETED_DEVICE_FAMILY = "1,2";
			};
			name = Debug;
		};
		FA27DFCC2270F6C700B01F78 /* Release */ = {
			isa = XCBuildConfiguration;
			buildSettings = {
				ASSETCATALOG_COMPILER_APPICON_NAME = AppIcon;
				CODE_SIGN_STYLE = Automatic;
				INFOPLIST_FILE = ib2d2/Info.plist;
				LD_RUNPATH_SEARCH_PATHS = (
					"$(inherited)",
					"@executable_path/Frameworks",
				);
				PRODUCT_BUNDLE_IDENTIFIER = tbalon.ib2d2;
				PRODUCT_NAME = "$(TARGET_NAME)";
				SWIFT_OBJC_BRIDGING_HEADER = "ib2d2/ib2d2-Bridging-Header.h";
				SWIFT_VERSION = 4.2;
				TARGETED_DEVICE_FAMILY = "1,2";
			};
			name = Release;
		};
/* End XCBuildConfiguration section */

/* Begin XCConfigurationList section */
		FA27DFB02270F6C400B01F78 /* Build configuration list for PBXProject "ib2d2" */ = {
			isa = XCConfigurationList;
			buildConfigurations = (
				FA27DFC82270F6C700B01F78 /* Debug */,
				FA27DFC92270F6C700B01F78 /* Release */,
			);
			defaultConfigurationIsVisible = 0;
			defaultConfigurationName = Release;
		};
		FA27DFCA2270F6C700B01F78 /* Build configuration list for PBXNativeTarget "ib2d2" */ = {
			isa = XCConfigurationList;
			buildConfigurations = (
				FA27DFCB2270F6C700B01F78 /* Debug */,
				FA27DFCC2270F6C700B01F78 /* Release */,
			);
			defaultConfigurationIsVisible = 0;
			defaultConfigurationName = Release;
		};
/* End XCConfigurationList section */

/* Begin XCVersionGroup section */
		FA27DFBF2270F6C400B01F78 /* ib2d2.xcdatamodeld */ = {
			isa = XCVersionGroup;
			children = (
				FA27DFC02270F6C400B01F78 /* ib2d2.xcdatamodel */,
			);
			currentVersion = FA27DFC02270F6C400B01F78 /* ib2d2.xcdatamodel */;
			path = ib2d2.xcdatamodeld;
			sourceTree = "<group>";
			versionGroupType = wrapper.xcdatamodel;
		};
/* End XCVersionGroup section */
	};
	rootObject = FA27DFAD2270F6C400B01F78 /* Project object */;
}
